%{
  "arrays": {:hex, :arrays, "2.0.2", "3a5d4327faedf16ba9c60640928e136592b43849bd07324d95de7a9190025d46", [:mix], [{:extractable, "~> 1.0", [hex: :extractable, repo: "hexpm", optional: false]}, {:fun_land, "~> 0.10.0", [hex: :fun_land, repo: "hexpm", optional: true]}, {:insertable, "~> 1.0", [hex: :insertable, repo: "hexpm", optional: false]}], "hexpm", "c3a8c109bc6665534e6673705f914a3efc6a28a97a3f629fb32f8a35057243b3"},
  "elixir_array": {:hex, :elixir_array, "2.1.0", "580293f82afdd63be880d69d3b1cc829fe6994f4b1442ee809ccb7199ee7fa13", [:mix], [], "hexpm", "9425e43cf7df7eaea6ac03e25e317835b52212ec374d71029a8fd02c1c32648c"},
  "extractable": {:hex, :extractable, "1.0.1", "2cf2b213cbda82eb578c821de48fa313cddfa7573b256bce4306248f56b44509", [:mix], [{:type_check, "~> 0.8", [hex: :type_check, repo: "hexpm", optional: false]}], "hexpm", "820e9db7550a62c7d63b760a8da51ab2341ba425563955db005baadcb403b046"},
  "insertable": {:hex, :insertable, "1.0.0", "879c7023b5491bbb694dff78422c94faded616fda963e529916343bc6e35162f", [:mix], [{:type_check, "~> 0.8", [hex: :type_check, repo: "hexpm", optional: false]}], "hexpm", "4b3f60169221a1ace67fdfe8b0d3c35708c098e55df549d4a374b9a7b0255af4"},
  "type_check": {:hex, :type_check, "0.10.6", "fb8122a93e0db6d0c93be2ca280ab48cbd0822ad81500168f48c42fcfa8378f8", [:mix], [{:stream_data, "~> 0.5.0", [hex: :stream_data, repo: "hexpm", optional: true]}], "hexpm", "713074d979cc1e0d62bcf677b5fb16f3b78ad48c8c34e8588d2c59838db034db"},
}
